
Microsoft Visual Studio Solution File, Format Version 12.00
# Visual Studio Version 17
VisualStudioVersion = 17.14.36408.4 d17.14
MinimumVisualStudioVersion = 10.0.40219.1
Project("{FAE04EC0-301F-11D3-BF4B-00C04F79EFBC}") = "ProyectoDispositivosPrestamo", "ProyectoDispositivosPrestamo\ProyectoDispositivosPrestamo.csproj", "{FD314EF0-DBB6-423A-AB23-8880CBAE6614}"
EndProject
Global
	GlobalSection(SolutionConfigurationPlatforms) = preSolution
		Debug|Any CPU = Debug|Any CPU
		Release|Any CPU = Release|Any CPU
	EndGlobalSection
	GlobalSection(ProjectConfigurationPlatforms) = postSolution
		{FD314EF0-DBB6-423A-AB23-8880CBAE6614}.Debug|Any CPU.ActiveCfg = Debug|Any CPU
		{FD314EF0-DBB6-423A-AB23-8880CBAE6614}.Debug|Any CPU.Build.0 = Debug|Any CPU
		{FD314EF0-DBB6-423A-AB23-8880CBAE6614}.Release|Any CPU.ActiveCfg = Release|Any CPU
		{FD314EF0-DBB6-423A-AB23-8880CBAE6614}.Release|Any CPU.Build.0 = Release|Any CPU
	EndGlobalSection
	GlobalSection(SolutionProperties) = preSolution
		HideSolutionNode = FALSE
	EndGlobalSection
	GlobalSection(ExtensibilityGlobals) = postSolution
		SolutionGuid = {8E7E9027-41A4-4D0A-9B1E-C18D5738B292}
	EndGlobalSection
EndGlobal
